// !$*UTF8*$!
{
	archiveVersion = 1;
	classes = {
	};
	objectVersion = 77;
	objects = {

/* Begin PBXBuildFile section */
		F17DD9B62DEC1AB400CE3E17 /* RealmSwift in Frameworks */ = {isa = PBXBuildFile; productRef = F17DD9B52DEC1AB400CE3E17 /* RealmSwift */; };
		F17DDB0A2DEC345300CE3E17 /* Kingfisher in Frameworks */ = {isa = PBXBuildFile; productRef = F17DDB092DEC345300CE3E17 /* Kingfisher */; };
		F17DDB0B2DEC3BFB00CE3E17 /* RealmSwift in Embed Frameworks */ = {isa = PBXBuildFile; productRef = F17DD9B52DEC1AB400CE3E17 /* RealmSwift */; settings = {ATTRIBUTES = (CodeSignOnCopy, ); }; };
		F199691D2DD0760400DD4B4D /* ComposableArchitecture in Frameworks */ = {isa = PBXBuildFile; productRef = F199691C2DD0760400DD4B4D /* ComposableArchitecture */; };
		F19969272DD07FAB00DD4B4D /* KakaoSDKAuth in Frameworks */ = {isa = PBXBuildFile; productRef = F19969262DD07FAB00DD4B4D /* KakaoSDKAuth */; };
		F19969292DD07FAB00DD4B4D /* KakaoSDKCommon in Frameworks */ = {isa = PBXBuildFile; productRef = F19969282DD07FAB00DD4B4D /* KakaoSDKCommon */; };
		F199692B2DD07FAB00DD4B4D /* KakaoSDKUser in Frameworks */ = {isa = PBXBuildFile; productRef = F199692A2DD07FAB00DD4B4D /* KakaoSDKUser */; };
		F19969EB2DD0C84500DD4B4D /* Alamofire in Frameworks */ = {isa = PBXBuildFile; productRef = F19969EA2DD0C84500DD4B4D /* Alamofire */; };
		F1996AC42DD377A900DD4B4D /* KeychainAccess in Frameworks */ = {isa = PBXBuildFile; productRef = F1996AC32DD377A900DD4B4D /* KeychainAccess */; };
/* End PBXBuildFile section */

/* Begin PBXCopyFilesBuildPhase section */
		F17DDB0C2DEC3BFB00CE3E17 /* Embed Frameworks */ = {
			isa = PBXCopyFilesBuildPhase;
			buildActionMask = 2147483647;
			dstPath = "";
			dstSubfolderSpec = 10;
			files = (
				F17DDB0B2DEC3BFB00CE3E17 /* RealmSwift in Embed Frameworks */,
			);
			name = "Embed Frameworks";
			runOnlyForDeploymentPostprocessing = 0;
		};
/* End PBXCopyFilesBuildPhase section */

/* Begin PBXFileReference section */
		F1C024362DCF26D10080DB12 /* Homit.app */ = {isa = PBXFileReference; explicitFileType = wrapper.application; includeInIndex = 0; path = Homit.app; sourceTree = BUILT_PRODUCTS_DIR; };
/* End PBXFileReference section */

/* Begin PBXFileSystemSynchronizedBuildFileExceptionSet section */
		F199690F2DD0648F00DD4B4D /* Exceptions for "Homit" folder in "Homit" target */ = {
			isa = PBXFileSystemSynchronizedBuildFileExceptionSet;
			membershipExceptions = (
				Resource/Info.plist,
			);
			target = F1C024352DCF26D00080DB12 /* Homit */;
		};
/* End PBXFileSystemSynchronizedBuildFileExceptionSet section */

/* Begin PBXFileSystemSynchronizedRootGroup section */
		F1C024382DCF26D10080DB12 /* Homit */ = {
			isa = PBXFileSystemSynchronizedRootGroup;
			exceptions = (
				F199690F2DD0648F00DD4B4D /* Exceptions for "Homit" folder in "Homit" target */,
			);
			path = Homit;
			sourceTree = "<group>";
		};
/* End PBXFileSystemSynchronizedRootGroup section */

/* Begin PBXFrameworksBuildPhase section */
		F1C024332DCF26D00080DB12 /* Frameworks */ = {
			isa = PBXFrameworksBuildPhase;
			buildActionMask = 2147483647;
			files = (
				F19969EB2DD0C84500DD4B4D /* Alamofire in Frameworks */,
				F199692B2DD07FAB00DD4B4D /* KakaoSDKUser in Frameworks */,
				F17DD9B62DEC1AB400CE3E17 /* RealmSwift in Frameworks */,
				F1996AC42DD377A900DD4B4D /* KeychainAccess in Frameworks */,
				F17DDB0A2DEC345300CE3E17 /* Kingfisher in Frameworks */,
				F199691D2DD0760400DD4B4D /* ComposableArchitecture in Frameworks */,
				F19969292DD07FAB00DD4B4D /* KakaoSDKCommon in Frameworks */,
				F19969272DD07FAB00DD4B4D /* KakaoSDKAuth in Frameworks */,
			);
			runOnlyForDeploymentPostprocessing = 0;
		};
/* End PBXFrameworksBuildPhase section */

/* Begin PBXGroup section */
		F1C0242D2DCF26D00080DB12 = {
			isa = PBXGroup;
			children = (
				F1C024382DCF26D10080DB12 /* Homit */,
				F1C024372DCF26D10080DB12 /* Products */,
			);
			sourceTree = "<group>";
		};
		F1C024372DCF26D10080DB12 /* Products */ = {
			isa = PBXGroup;
			children = (
				F1C024362DCF26D10080DB12 /* Homit.app */,
			);
			name = Products;
			sourceTree = "<group>";
		};
/* End PBXGroup section */

/* Begin PBXNativeTarget section */
		F1C024352DCF26D00080DB12 /* Homit */ = {
			isa = PBXNativeTarget;
			buildConfigurationList = F1C024412DCF26D20080DB12 /* Build configuration list for PBXNativeTarget "Homit" */;
			buildPhases = (
				F1C024322DCF26D00080DB12 /* Sources */,
				F1C024332DCF26D00080DB12 /* Frameworks */,
				F1C024342DCF26D00080DB12 /* Resources */,
				F17DDB0C2DEC3BFB00CE3E17 /* Embed Frameworks */,
			);
			buildRules = (
			);
			dependencies = (
			);
			fileSystemSynchronizedGroups = (
				F1C024382DCF26D10080DB12 /* Homit */,
			);
			name = Homit;
			packageProductDependencies = (
				F199691C2DD0760400DD4B4D /* ComposableArchitecture */,
				F19969262DD07FAB00DD4B4D /* KakaoSDKAuth */,
				F19969282DD07FAB00DD4B4D /* KakaoSDKCommon */,
				F199692A2DD07FAB00DD4B4D /* KakaoSDKUser */,
				F19969EA2DD0C84500DD4B4D /* Alamofire */,
				F1996AC32DD377A900DD4B4D /* KeychainAccess */,
				F17DD9B52DEC1AB400CE3E17 /* RealmSwift */,
				F17DDB092DEC345300CE3E17 /* Kingfisher */,
			);
			productName = Homit;
			productReference = F1C024362DCF26D10080DB12 /* Homit.app */;
			productType = "com.apple.product-type.application";
		};
/* End PBXNativeTarget section */

/* Begin PBXProject section */
		F1C0242E2DCF26D00080DB12 /* Project object */ = {
			isa = PBXProject;
			attributes = {
				BuildIndependentTargetsInParallel = 1;
				LastSwiftUpdateCheck = 1630;
				LastUpgradeCheck = 1630;
				TargetAttributes = {
					F1C024352DCF26D00080DB12 = {
						CreatedOnToolsVersion = 16.3;
					};
				};
			};
			buildConfigurationList = F1C024312DCF26D00080DB12 /* Build configuration list for PBXProject "Homit" */;
			developmentRegion = en;
			hasScannedForEncodings = 0;
			knownRegions = (
				en,
				Base,
			);
			mainGroup = F1C0242D2DCF26D00080DB12;
			minimizedProjectReferenceProxies = 1;
			packageReferences = (
				F199691B2DD0760400DD4B4D /* XCRemoteSwiftPackageReference "swift-composable-architecture" */,
				F19969252DD07FAB00DD4B4D /* XCRemoteSwiftPackageReference "kakao-ios-sdk" */,
				F19969E92DD0C84500DD4B4D /* XCRemoteSwiftPackageReference "Alamofire" */,
				F1996AC22DD377A900DD4B4D /* XCRemoteSwiftPackageReference "KeychainAccess" */,
				F17DD9B42DEC1AB300CE3E17 /* XCRemoteSwiftPackageReference "realm-swift" */,
				F17DDB082DEC345300CE3E17 /* XCRemoteSwiftPackageReference "Kingfisher" */,
			);
			preferredProjectObjectVersion = 77;
			productRefGroup = F1C024372DCF26D10080DB12 /* Products */;
			projectDirPath = "";
			projectRoot = "";
			targets = (
				F1C024352DCF26D00080DB12 /* Homit */,
			);
		};
/* End PBXProject section */

/* Begin PBXResourcesBuildPhase section */
		F1C024342DCF26D00080DB12 /* Resources */ = {
			isa = PBXResourcesBuildPhase;
			buildActionMask = 2147483647;
			files = (
			);
			runOnlyForDeploymentPostprocessing = 0;
		};
/* End PBXResourcesBuildPhase section */

/* Begin PBXSourcesBuildPhase section */
		F1C024322DCF26D00080DB12 /* Sources */ = {
			isa = PBXSourcesBuildPhase;
			buildActionMask = 2147483647;
			files = (
			);
			runOnlyForDeploymentPostprocessing = 0;
		};
/* End PBXSourcesBuildPhase section */

/* Begin XCBuildConfiguration section */
		F1C0243F2DCF26D20080DB12 /* Debug */ = {
			isa = XCBuildConfiguration;
			baseConfigurationReferenceAnchor = F1C024382DCF26D10080DB12 /* Homit */;
			baseConfigurationReferenceRelativePath = Resource/APIKey.xcconfig;
			buildSettings = {
				ALWAYS_SEARCH_USER_PATHS = NO;
				ASSETCATALOG_COMPILER_GENERATE_SWIFT_ASSET_SYMBOL_EXTENSIONS = YES;
				CLANG_ANALYZER_NONNULL = YES;
				CLANG_ANALYZER_NUMBER_OBJECT_CONVERSION = YES_AGGRESSIVE;
				CLANG_CXX_LANGUAGE_STANDARD = "gnu++20";
				CLANG_ENABLE_MODULES = YES;
				CLANG_ENABLE_OBJC_ARC = YES;
				CLANG_ENABLE_OBJC_WEAK = YES;
				CLANG_WARN_BLOCK_CAPTURE_AUTORELEASING = YES;
				CLANG_WARN_BOOL_CONVERSION = YES;
				CLANG_WARN_COMMA = YES;
				CLANG_WARN_CONSTANT_CONVERSION = YES;
				CLANG_WARN_DEPRECATED_OBJC_IMPLEMENTATIONS = YES;
				CLANG_WARN_DIRECT_OBJC_ISA_USAGE = YES_ERROR;
				CLANG_WARN_DOCUMENTATION_COMMENTS = YES;
				CLANG_WARN_EMPTY_BODY = YES;
				CLANG_WARN_ENUM_CONVERSION = YES;
				CLANG_WARN_INFINITE_RECURSION = YES;
				CLANG_WARN_INT_CONVERSION = YES;
				CLANG_WARN_NON_LITERAL_NULL_CONVERSION = YES;
				CLANG_WARN_OBJC_IMPLICIT_RETAIN_SELF = YES;
				CLANG_WARN_OBJC_LITERAL_CONVERSION = YES;
				CLANG_WARN_OBJC_ROOT_CLASS = YES_ERROR;
				CLANG_WARN_QUOTED_INCLUDE_IN_FRAMEWORK_HEADER = YES;
				CLANG_WARN_RANGE_LOOP_ANALYSIS = YES;
				CLANG_WARN_STRICT_PROTOTYPES = YES;
				CLANG_WARN_SUSPICIOUS_MOVE = YES;
				CLANG_WARN_UNGUARDED_AVAILABILITY = YES_AGGRESSIVE;
				CLANG_WARN_UNREACHABLE_CODE = YES;
				CLANG_WARN__DUPLICATE_METHOD_MATCH = YES;
				COPY_PHASE_STRIP = NO;
				DEBUG_INFORMATION_FORMAT = dwarf;
				DEVELOPMENT_TEAM = 5YM44C4YT8;
				ENABLE_STRICT_OBJC_MSGSEND = YES;
				ENABLE_TESTABILITY = YES;
				ENABLE_USER_SCRIPT_SANDBOXING = YES;
				GCC_C_LANGUAGE_STANDARD = gnu17;
				GCC_DYNAMIC_NO_PIC = NO;
				GCC_NO_COMMON_BLOCKS = YES;
				GCC_OPTIMIZATION_LEVEL = 0;
				GCC_PREPROCESSOR_DEFINITIONS = (
					"DEBUG=1",
					"$(inherited)",
				);
				GCC_WARN_64_TO_32_BIT_CONVERSION = YES;
				GCC_WARN_ABOUT_RETURN_TYPE = YES_ERROR;
				GCC_WARN_UNDECLARED_SELECTOR = YES;
				GCC_WARN_UNINITIALIZED_AUTOS = YES_AGGRESSIVE;
				GCC_WARN_UNUSED_FUNCTION = YES;
				GCC_WARN_UNUSED_VARIABLE = YES;
				IPHONEOS_DEPLOYMENT_TARGET = 18.4;
				LOCALIZATION_PREFERS_STRING_CATALOGS = YES;
				MTL_ENABLE_DEBUG_INFO = INCLUDE_SOURCE;
				MTL_FAST_MATH = YES;
				ONLY_ACTIVE_ARCH = YES;
				SDKROOT = iphoneos;
				SWIFT_ACTIVE_COMPILATION_CONDITIONS = "DEBUG $(inherited)";
				SWIFT_OPTIMIZATION_LEVEL = "-Onone";
			};
			name = Debug;
		};
		F1C024402DCF26D20080DB12 /* Release */ = {
			isa = XCBuildConfiguration;
			baseConfigurationReferenceAnchor = F1C024382DCF26D10080DB12 /* Homit */;
			baseConfigurationReferenceRelativePath = Resource/APIKey.xcconfig;
			buildSettings = {
				ALWAYS_SEARCH_USER_PATHS = NO;
				ASSETCATALOG_COMPILER_GENERATE_SWIFT_ASSET_SYMBOL_EXTENSIONS = YES;
				CLANG_ANALYZER_NONNULL = YES;
				CLANG_ANALYZER_NUMBER_OBJECT_CONVERSION = YES_AGGRESSIVE;
				CLANG_CXX_LANGUAGE_STANDARD = "gnu++20";
				CLANG_ENABLE_MODULES = YES;
				CLANG_ENABLE_OBJC_ARC = YES;
				CLANG_ENABLE_OBJC_WEAK = YES;
				CLANG_WARN_BLOCK_CAPTURE_AUTORELEASING = YES;
				CLANG_WARN_BOOL_CONVERSION = YES;
				CLANG_WARN_COMMA = YES;
				CLANG_WARN_CONSTANT_CONVERSION = YES;
				CLANG_WARN_DEPRECATED_OBJC_IMPLEMENTATIONS = YES;
				CLANG_WARN_DIRECT_OBJC_ISA_USAGE = YES_ERROR;
				CLANG_WARN_DOCUMENTATION_COMMENTS = YES;
				CLANG_WARN_EMPTY_BODY = YES;
				CLANG_WARN_ENUM_CONVERSION = YES;
				CLANG_WARN_INFINITE_RECURSION = YES;
				CLANG_WARN_INT_CONVERSION = YES;
				CLANG_WARN_NON_LITERAL_NULL_CONVERSION = YES;
				CLANG_WARN_OBJC_IMPLICIT_RETAIN_SELF = YES;
				CLANG_WARN_OBJC_LITERAL_CONVERSION = YES;
				CLANG_WARN_OBJC_ROOT_CLASS = YES_ERROR;
				CLANG_WARN_QUOTED_INCLUDE_IN_FRAMEWORK_HEADER = YES;
				CLANG_WARN_RANGE_LOOP_ANALYSIS = YES;
				CLANG_WARN_STRICT_PROTOTYPES = YES;
				CLANG_WARN_SUSPICIOUS_MOVE = YES;
				CLANG_WARN_UNGUARDED_AVAILABILITY = YES_AGGRESSIVE;
				CLANG_WARN_UNREACHABLE_CODE = YES;
				CLANG_WARN__DUPLICATE_METHOD_MATCH = YES;
				COPY_PHASE_STRIP = NO;
				DEBUG_INFORMATION_FORMAT = "dwarf-with-dsym";
				DEVELOPMENT_TEAM = 5YM44C4YT8;
				ENABLE_NS_ASSERTIONS = NO;
				ENABLE_STRICT_OBJC_MSGSEND = YES;
				ENABLE_USER_SCRIPT_SANDBOXING = YES;
				GCC_C_LANGUAGE_STANDARD = gnu17;
				GCC_NO_COMMON_BLOCKS = YES;
				GCC_WARN_64_TO_32_BIT_CONVERSION = YES;
				GCC_WARN_ABOUT_RETURN_TYPE = YES_ERROR;
				GCC_WARN_UNDECLARED_SELECTOR = YES;
				GCC_WARN_UNINITIALIZED_AUTOS = YES_AGGRESSIVE;
				GCC_WARN_UNUSED_FUNCTION = YES;
				GCC_WARN_UNUSED_VARIABLE = YES;
				IPHONEOS_DEPLOYMENT_TARGET = 18.4;
				LOCALIZATION_PREFERS_STRING_CATALOGS = YES;
				MTL_ENABLE_DEBUG_INFO = NO;
				MTL_FAST_MATH = YES;
				SDKROOT = iphoneos;
				SWIFT_COMPILATION_MODE = wholemodule;
				VALIDATE_PRODUCT = YES;
			};
			name = Release;
		};
		F1C024422DCF26D20080DB12 /* Debug */ = {
			isa = XCBuildConfiguration;
			baseConfigurationReferenceAnchor = F1C024382DCF26D10080DB12 /* Homit */;
			baseConfigurationReferenceRelativePath = Resource/APIKey.xcconfig;
			buildSettings = {
				ASSETCATALOG_COMPILER_APPICON_NAME = AppIcon;
				ASSETCATALOG_COMPILER_GLOBAL_ACCENT_COLOR_NAME = AccentColor;
				CODE_SIGN_ENTITLEMENTS = Homit/Homit.entitlements;
				CODE_SIGN_STYLE = Automatic;
				CURRENT_PROJECT_VERSION = 1;
				DEVELOPMENT_TEAM = 5YM44C4YT8;
				ENABLE_PREVIEWS = YES;
				GENERATE_INFOPLIST_FILE = YES;
				INFOPLIST_FILE = Homit/Resource/Info.plist;
				INFOPLIST_KEY_UIApplicationSceneManifest_Generation = YES;
				INFOPLIST_KEY_UIApplicationSupportsIndirectInputEvents = YES;
				INFOPLIST_KEY_UILaunchScreen_Generation = YES;
				INFOPLIST_KEY_UISupportedInterfaceOrientations = UIInterfaceOrientationPortrait;
				INFOPLIST_KEY_UISupportedInterfaceOrientations_iPad = UIInterfaceOrientationPortrait;
				INFOPLIST_KEY_UIUserInterfaceStyle = Light;
				IPHONEOS_DEPLOYMENT_TARGET = 16.0;
				LD_RUNPATH_SEARCH_PATHS = (
					"$(inherited)",
					"@executable_path/Frameworks",
				);
				MARKETING_VERSION = 1.0;
				PRODUCT_BUNDLE_IDENTIFIER = com.alstn38.Homit;
				PRODUCT_NAME = "$(TARGET_NAME)";
				SUPPORTED_PLATFORMS = "iphoneos iphonesimulator";
				SUPPORTS_MACCATALYST = NO;
				SUPPORTS_MAC_DESIGNED_FOR_IPHONE_IPAD = NO;
				SUPPORTS_XR_DESIGNED_FOR_IPHONE_IPAD = NO;
				SWIFT_EMIT_LOC_STRINGS = YES;
				SWIFT_VERSION = 5.0;
				TARGETED_DEVICE_FAMILY = 1;
			};
			name = Debug;
		};
		F1C024432DCF26D20080DB12 /* Release */ = {
			isa = XCBuildConfiguration;
			baseConfigurationReferenceAnchor = F1C024382DCF26D10080DB12 /* Homit */;
			baseConfigurationReferenceRelativePath = Resource/APIKey.xcconfig;
			buildSettings = {
				ASSETCATALOG_COMPILER_APPICON_NAME = AppIcon;
				ASSETCATALOG_COMPILER_GLOBAL_ACCENT_COLOR_NAME = AccentColor;
				CODE_SIGN_ENTITLEMENTS = Homit/Homit.entitlements;
				CODE_SIGN_STYLE = Automatic;
				CURRENT_PROJECT_VERSION = 1;
				DEVELOPMENT_TEAM = 5YM44C4YT8;
				ENABLE_PREVIEWS = YES;
				GENERATE_INFOPLIST_FILE = YES;
				INFOPLIST_FILE = Homit/Resource/Info.plist;
				INFOPLIST_KEY_UIApplicationSceneManifest_Generation = YES;
				INFOPLIST_KEY_UIApplicationSupportsIndirectInputEvents = YES;
				INFOPLIST_KEY_UILaunchScreen_Generation = YES;
				INFOPLIST_KEY_UISupportedInterfaceOrientations = UIInterfaceOrientationPortrait;
				INFOPLIST_KEY_UISupportedInterfaceOrientations_iPad = UIInterfaceOrientationPortrait;
				INFOPLIST_KEY_UIUserInterfaceStyle = Light;
				IPHONEOS_DEPLOYMENT_TARGET = 16.0;
				LD_RUNPATH_SEARCH_PATHS = (
					"$(inherited)",
					"@executable_path/Frameworks",
				);
				MARKETING_VERSION = 1.0;
				PRODUCT_BUNDLE_IDENTIFIER = com.alstn38.Homit;
				PRODUCT_NAME = "$(TARGET_NAME)";
				SUPPORTED_PLATFORMS = "iphoneos iphonesimulator";
				SUPPORTS_MACCATALYST = NO;
				SUPPORTS_MAC_DESIGNED_FOR_IPHONE_IPAD = NO;
				SUPPORTS_XR_DESIGNED_FOR_IPHONE_IPAD = NO;
				SWIFT_EMIT_LOC_STRINGS = YES;
				SWIFT_VERSION = 5.0;
				TARGETED_DEVICE_FAMILY = 1;
			};
			name = Release;
		};
/* End XCBuildConfiguration section */

/* Begin XCConfigurationList section */
		F1C024312DCF26D00080DB12 /* Build configuration list for PBXProject "Homit" */ = {
			isa = XCConfigurationList;
			buildConfigurations = (
				F1C0243F2DCF26D20080DB12 /* Debug */,
				F1C024402DCF26D20080DB12 /* Release */,
			);
			defaultConfigurationIsVisible = 0;
			defaultConfigurationName = Release;
		};
		F1C024412DCF26D20080DB12 /* Build configuration list for PBXNativeTarget "Homit" */ = {
			isa = XCConfigurationList;
			buildConfigurations = (
				F1C024422DCF26D20080DB12 /* Debug */,
				F1C024432DCF26D20080DB12 /* Release */,
			);
			defaultConfigurationIsVisible = 0;
			defaultConfigurationName = Release;
		};
/* End XCConfigurationList section */

/* Begin XCRemoteSwiftPackageReference section */
		F17DD9B42DEC1AB300CE3E17 /* XCRemoteSwiftPackageReference "realm-swift" */ = {
			isa = XCRemoteSwiftPackageReference;
			repositoryURL = "https://github.com/realm/realm-swift.git";
			requirement = {
				kind = exactVersion;
				version = 20.0.2;
			};
		};
		F17DDB082DEC345300CE3E17 /* XCRemoteSwiftPackageReference "Kingfisher" */ = {
			isa = XCRemoteSwiftPackageReference;
			repositoryURL = "https://github.com/onevcat/Kingfisher.git";
			requirement = {
				kind = upToNextMajorVersion;
				minimumVersion = 8.3.2;
			};
		};
		F199691B2DD0760400DD4B4D /* XCRemoteSwiftPackageReference "swift-composable-architecture" */ = {
			isa = XCRemoteSwiftPackageReference;
			repositoryURL = "https://github.com/pointfreeco/swift-composable-architecture.git";
			requirement = {
				kind = upToNextMajorVersion;
				minimumVersion = 1.19.1;
			};
		};
		F19969252DD07FAB00DD4B4D /* XCRemoteSwiftPackageReference "kakao-ios-sdk" */ = {
			isa = XCRemoteSwiftPackageReference;
			repositoryURL = "https://github.com/kakao/kakao-ios-sdk";
			requirement = {
				branch = master;
				kind = branch;
			};
		};
		F19969E92DD0C84500DD4B4D /* XCRemoteSwiftPackageReference "Alamofire" */ = {
			isa = XCRemoteSwiftPackageReference;
			repositoryURL = "https://github.com/Alamofire/Alamofire.git";
			requirement = {
				kind = upToNextMajorVersion;
				minimumVersion = 5.10.2;
			};
		};
		F1996AC22DD377A900DD4B4D /* XCRemoteSwiftPackageReference "KeychainAccess" */ = {
			isa = XCRemoteSwiftPackageReference;
			repositoryURL = "https://github.com/kishikawakatsumi/KeychainAccess.git";
			requirement = {
				kind = exactVersion;
				version = 4.2.2;
			};
		};
/* End XCRemoteSwiftPackageReference section */

/* Begin XCSwiftPackageProductDependency section */
		F17DD9B52DEC1AB400CE3E17 /* RealmSwift */ = {
			isa = XCSwiftPackageProductDependency;
			package = F17DD9B42DEC1AB300CE3E17 /* XCRemoteSwiftPackageReference "realm-swift" */;
			productName = RealmSwift;
		};
		F17DDB092DEC345300CE3E17 /* Kingfisher */ = {
			isa = XCSwiftPackageProductDependency;
			package = F17DDB082DEC345300CE3E17 /* XCRemoteSwiftPackageReference "Kingfisher" */;
			productName = Kingfisher;
		};
		F199691C2DD0760400DD4B4D /* ComposableArchitecture */ = {
			isa = XCSwiftPackageProductDependency;
			package = F199691B2DD0760400DD4B4D /* XCRemoteSwiftPackageReference "swift-composable-architecture" */;
			productName = ComposableArchitecture;
		};
		F19969262DD07FAB00DD4B4D /* KakaoSDKAuth */ = {
			isa = XCSwiftPackageProductDependency;
			package = F19969252DD07FAB00DD4B4D /* XCRemoteSwiftPackageReference "kakao-ios-sdk" */;
			productName = KakaoSDKAuth;
		};
		F19969282DD07FAB00DD4B4D /* KakaoSDKCommon */ = {
			isa = XCSwiftPackageProductDependency;
			package = F19969252DD07FAB00DD4B4D /* XCRemoteSwiftPackageReference "kakao-ios-sdk" */;
			productName = KakaoSDKCommon;
		};
		F199692A2DD07FAB00DD4B4D /* KakaoSDKUser */ = {
			isa = XCSwiftPackageProductDependency;
			package = F19969252DD07FAB00DD4B4D /* XCRemoteSwiftPackageReference "kakao-ios-sdk" */;
			productName = KakaoSDKUser;
		};
		F19969EA2DD0C84500DD4B4D /* Alamofire */ = {
			isa = XCSwiftPackageProductDependency;
			package = F19969E92DD0C84500DD4B4D /* XCRemoteSwiftPackageReference "Alamofire" */;
			productName = Alamofire;
		};
		F1996AC32DD377A900DD4B4D /* KeychainAccess */ = {
			isa = XCSwiftPackageProductDependency;
			package = F1996AC22DD377A900DD4B4D /* XCRemoteSwiftPackageReference "KeychainAccess" */;
			productName = KeychainAccess;
		};
/* End XCSwiftPackageProductDependency section */
	};
	rootObject = F1C0242E2DCF26D00080DB12 /* Project object */;
}
